
Microsoft Visual Studio Solution File, Format Version 12.00
# Visual Studio Version 16
VisualStudioVersion = 16.0.30114.105
MinimumVisualStudioVersion = 10.0.40219.1
Project("{9A19103F-16F7-4668-BE54-9A1E7A4F7556}") = "DealFinderAzFuncs", "src\DealFinderAzFuncs\DealFinderAzFuncs.csproj", "{CB55D9B5-86F7-4A07-924D-EA3767BFE5D8}"
EndProject
Project("{2150E333-8FDC-42A3-9474-1A3956D46DE8}") = "Solution Items", "Solution Items", "{3BE3FC10-F47A-4F52-8473-7730BDBD3C60}"
	ProjectSection(SolutionItems) = preProject
		.gitattributes = .gitattributes
		.gitignore = .gitignore
		README.md = README.md
	EndProjectSection
EndProject
Project("{9A19103F-16F7-4668-BE54-9A1E7A4F7556}") = "DF.Services", "src\DF.Services\DF.Services.csproj", "{A662EA86-9E22-45D4-86D5-18639B7D4CB9}"
EndProject
Project("{9A19103F-16F7-4668-BE54-9A1E7A4F7556}") = "FindDeals", "src\FindDeals\FindDeals.csproj", "{4C5E1B15-D71C-43EC-B529-1EFA269E4571}"
EndProject
Global
	GlobalSection(SolutionConfigurationPlatforms) = preSolution
		Debug|Any CPU = Debug|Any CPU
		Debug|x64 = Debug|x64
		Debug|x86 = Debug|x86
		Release|Any CPU = Release|Any CPU
		Release|x64 = Release|x64
		Release|x86 = Release|x86
	EndGlobalSection
	GlobalSection(ProjectConfigurationPlatforms) = postSolution
		{CB55D9B5-86F7-4A07-924D-EA3767BFE5D8}.Debug|Any CPU.ActiveCfg = Debug|Any CPU
		{CB55D9B5-86F7-4A07-924D-EA3767BFE5D8}.Debug|Any CPU.Build.0 = Debug|Any CPU
		{CB55D9B5-86F7-4A07-924D-EA3767BFE5D8}.Debug|x64.ActiveCfg = Debug|Any CPU
		{CB55D9B5-86F7-4A07-924D-EA3767BFE5D8}.Debug|x64.Build.0 = Debug|Any CPU
		{CB55D9B5-86F7-4A07-924D-EA3767BFE5D8}.Debug|x86.ActiveCfg = Debug|Any CPU
		{CB55D9B5-86F7-4A07-924D-EA3767BFE5D8}.Debug|x86.Build.0 = Debug|Any CPU
		{CB55D9B5-86F7-4A07-924D-EA3767BFE5D8}.Release|Any CPU.ActiveCfg = Release|Any CPU
		{CB55D9B5-86F7-4A07-924D-EA3767BFE5D8}.Release|Any CPU.Build.0 = Release|Any CPU
		{CB55D9B5-86F7-4A07-924D-EA3767BFE5D8}.Release|x64.ActiveCfg = Release|Any CPU
		{CB55D9B5-86F7-4A07-924D-EA3767BFE5D8}.Release|x64.Build.0 = Release|Any CPU
		{CB55D9B5-86F7-4A07-924D-EA3767BFE5D8}.Release|x86.ActiveCfg = Release|Any CPU
		{CB55D9B5-86F7-4A07-924D-EA3767BFE5D8}.Release|x86.Build.0 = Release|Any CPU
		{A662EA86-9E22-45D4-86D5-18639B7D4CB9}.Debug|Any CPU.ActiveCfg = Debug|Any CPU
		{A662EA86-9E22-45D4-86D5-18639B7D4CB9}.Debug|Any CPU.Build.0 = Debug|Any CPU
		{A662EA86-9E22-45D4-86D5-18639B7D4CB9}.Debug|x64.ActiveCfg = Debug|Any CPU
		{A662EA86-9E22-45D4-86D5-18639B7D4CB9}.Debug|x64.Build.0 = Debug|Any CPU
		{A662EA86-9E22-45D4-86D5-18639B7D4CB9}.Debug|x86.ActiveCfg = Debug|Any CPU
		{A662EA86-9E22-45D4-86D5-18639B7D4CB9}.Debug|x86.Build.0 = Debug|Any CPU
		{A662EA86-9E22-45D4-86D5-18639B7D4CB9}.Release|Any CPU.ActiveCfg = Release|Any CPU
		{A662EA86-9E22-45D4-86D5-18639B7D4CB9}.Release|Any CPU.Build.0 = Release|Any CPU
		{A662EA86-9E22-45D4-86D5-18639B7D4CB9}.Release|x64.ActiveCfg = Release|Any CPU
		{A662EA86-9E22-45D4-86D5-18639B7D4CB9}.Release|x64.Build.0 = Release|Any CPU
		{A662EA86-9E22-45D4-86D5-18639B7D4CB9}.Release|x86.ActiveCfg = Release|Any CPU
		{A662EA86-9E22-45D4-86D5-18639B7D4CB9}.Release|x86.Build.0 = Release|Any CPU
		{4C5E1B15-D71C-43EC-B529-1EFA269E4571}.Debug|Any CPU.ActiveCfg = Debug|Any CPU
		{4C5E1B15-D71C-43EC-B529-1EFA269E4571}.Debug|Any CPU.Build.0 = Debug|Any CPU
		{4C5E1B15-D71C-43EC-B529-1EFA269E4571}.Debug|x64.ActiveCfg = Debug|Any CPU
		{4C5E1B15-D71C-43EC-B529-1EFA269E4571}.Debug|x64.Build.0 = Debug|Any CPU
		{4C5E1B15-D71C-43EC-B529-1EFA269E4571}.Debug|x86.ActiveCfg = Debug|Any CPU
		{4C5E1B15-D71C-43EC-B529-1EFA269E4571}.Debug|x86.Build.0 = Debug|Any CPU
		{4C5E1B15-D71C-43EC-B529-1EFA269E4571}.Release|Any CPU.ActiveCfg = Release|Any CPU
		{4C5E1B15-D71C-43EC-B529-1EFA269E4571}.Release|Any CPU.Build.0 = Release|Any CPU
		{4C5E1B15-D71C-43EC-B529-1EFA269E4571}.Release|x64.ActiveCfg = Release|Any CPU
		{4C5E1B15-D71C-43EC-B529-1EFA269E4571}.Release|x64.Build.0 = Release|Any CPU
		{4C5E1B15-D71C-43EC-B529-1EFA269E4571}.Release|x86.ActiveCfg = Release|Any CPU
		{4C5E1B15-D71C-43EC-B529-1EFA269E4571}.Release|x86.Build.0 = Release|Any CPU
	EndGlobalSection
	GlobalSection(SolutionProperties) = preSolution
		HideSolutionNode = FALSE
	EndGlobalSection
	GlobalSection(ExtensibilityGlobals) = postSolution
		SolutionGuid = {C5CB83FA-90C5-4D8D-ADF5-D40A0D38AD80}
	EndGlobalSection
EndGlobal
